{
  "nodes": {
    "copilot_flake": {
      "inputs": {
        "flake-utils": "flake-utils",
        "nixpkgs": "nixpkgs"
      },
      "locked": {
        "lastModified": 1744946517,
        "narHash": "sha256-uHdEuet0n88rAXPxzxI4MDIdFF7PuDONEQBGMs5ab50=",
        "owner": "t0yv0",
        "repo": "copilot.el",
        "rev": "343ce639b8dcd747d121fdb307ef54941be3febe",
        "type": "github"
      },
      "original": {
        "owner": "t0yv0",
        "ref": "v20240323",
        "repo": "copilot.el",
        "type": "github"
      }
    },
    "dape_src": {
      "flake": false,
      "locked": {
        "lastModified": 1710755368,
        "narHash": "sha256-AiH+WuDaPcSjxLEXeD+7961eePOSVwClqqxs4NGZNqg=",
        "owner": "svaante",
        "repo": "dape",
        "rev": "d1a96de51cbee7c410d1f2680f860d09048e2fc5",
        "type": "github"
      },
      "original": {
        "owner": "svaante",
        "repo": "dape",
        "rev": "d1a96de51cbee7c410d1f2680f860d09048e2fc5",
        "type": "github"
      }
    },
    "flake-utils": {
      "inputs": {
        "systems": "systems"
      },
      "locked": {
        "lastModified": 1731533236,
        "narHash": "sha256-l0KFg5HjrsfsO/JpG+r7fRrqm12kzFHyUHqHCVpMMbI=",
        "owner": "numtide",
        "repo": "flake-utils",
        "rev": "11707dc2f618dd54ca8739b309ec4fc024de578b",
        "type": "github"
      },
      "original": {
        "owner": "numtide",
        "repo": "flake-utils",
        "type": "github"
      }
    },
    "flake-utils_2": {
      "inputs": {
        "systems": "systems_2"
      },
      "locked": {
        "lastModified": 1731533236,
        "narHash": "sha256-l0KFg5HjrsfsO/JpG+r7fRrqm12kzFHyUHqHCVpMMbI=",
        "owner": "numtide",
        "repo": "flake-utils",
        "rev": "11707dc2f618dd54ca8739b309ec4fc024de578b",
        "type": "github"
      },
      "original": {
        "owner": "numtide",
        "repo": "flake-utils",
        "type": "github"
      }
    },
    "ghauto_flake": {
      "inputs": {
        "flake-utils": [
          "flake-utils"
        ],
        "nixpkgs": [
          "nixpkgs"
        ]
      },
      "locked": {
        "lastModified": 1744944091,
        "narHash": "sha256-Ch4vyxso2mGHIeyeYLtkl2FsIwBmvoLwpA7wIj+9qhI=",
        "owner": "t0yv0",
        "repo": "gh-autolinks.el",
        "rev": "2c34436fe48731f9baf05bda9cb6a1a3105db64d",
        "type": "github"
      },
      "original": {
        "owner": "t0yv0",
        "ref": "main",
        "repo": "gh-autolinks.el",
        "type": "github"
      }
    },
    "nixpkgs": {
      "locked": {
        "lastModified": 1744440957,
        "narHash": "sha256-FHlSkNqFmPxPJvy+6fNLaNeWnF1lZSgqVCl/eWaJRc4=",
        "owner": "NixOS",
        "repo": "nixpkgs",
        "rev": "26d499fc9f1d567283d5d56fcf367edd815dba1d",
        "type": "github"
      },
      "original": {
        "owner": "NixOS",
        "ref": "nixos-24.11",
        "repo": "nixpkgs",
        "type": "github"
      }
    },
    "nixpkgs_2": {
      "locked": {
        "lastModified": 1744440957,
        "narHash": "sha256-FHlSkNqFmPxPJvy+6fNLaNeWnF1lZSgqVCl/eWaJRc4=",
        "owner": "NixOS",
        "repo": "nixpkgs",
        "rev": "26d499fc9f1d567283d5d56fcf367edd815dba1d",
        "type": "github"
      },
      "original": {
        "owner": "NixOS",
        "ref": "nixos-24.11",
        "repo": "nixpkgs",
        "type": "github"
      }
    },
    "root": {
      "inputs": {
        "copilot_flake": "copilot_flake",
        "dape_src": "dape_src",
        "flake-utils": "flake-utils_2",
        "ghauto_flake": "ghauto_flake",
        "nixpkgs": "nixpkgs_2",
        "testrun_flake": "testrun_flake",
        "treesitedit_flake": "treesitedit_flake",
        "vterms_flake": "vterms_flake"
      }
    },
    "systems": {
      "locked": {
        "lastModified": 1681028828,
        "narHash": "sha256-Vy1rq5AaRuLzOxct8nz4T6wlgyUR7zLU309k9mBC768=",
        "owner": "nix-systems",
        "repo": "default",
        "rev": "da67096a3b9bf56a91d16901293e51ba5b49a27e",
        "type": "github"
      },
      "original": {
        "owner": "nix-systems",
        "repo": "default",
        "type": "github"
      }
    },
    "systems_2": {
      "locked": {
        "lastModified": 1681028828,
        "narHash": "sha256-Vy1rq5AaRuLzOxct8nz4T6wlgyUR7zLU309k9mBC768=",
        "owner": "nix-systems",
        "repo": "default",
        "rev": "da67096a3b9bf56a91d16901293e51ba5b49a27e",
        "type": "github"
      },
      "original": {
        "owner": "nix-systems",
        "repo": "default",
        "type": "github"
      }
    },
    "testrun_flake": {
      "inputs": {
        "flake-utils": [
          "flake-utils"
        ],
        "nixpkgs": [
          "nixpkgs"
        ]
      },
      "locked": {
        "lastModified": 1744944746,
        "narHash": "sha256-QJlgE3mB8mmXC7NN8ZeDSI6vkfjwB4PjaLpDjt/GPCM=",
        "owner": "t0yv0",
        "repo": "testrun.el",
        "rev": "eb3c530e3e68f6d966454f4c73e215e9862b2722",
        "type": "github"
      },
      "original": {
        "owner": "t0yv0",
        "ref": "main",
        "repo": "testrun.el",
        "type": "github"
      }
    },
    "treesitedit_flake": {
      "inputs": {
        "flake-utils": [
          "flake-utils"
        ],
        "nixpkgs": [
          "nixpkgs"
        ]
      },
      "locked": {
        "lastModified": 1744945848,
        "narHash": "sha256-vwazvZIiepDXNtm+KVv0xwh4RF/Eh4HA1O0SyetxeEM=",
        "owner": "t0yv0",
        "repo": "treesitedit.el",
        "rev": "b918b98983814c3febf8bb4db68cf1aef6405beb",
        "type": "github"
      },
      "original": {
        "owner": "t0yv0",
        "ref": "main",
        "repo": "treesitedit.el",
        "type": "github"
      }
    },
    "vterms_flake": {
      "inputs": {
        "flake-utils": [
          "flake-utils"
        ],
        "nixpkgs": [
          "nixpkgs"
        ]
      },
      "locked": {
        "lastModified": 1744944543,
        "narHash": "sha256-uapN8lLWu2p964cPfnawacuRfW/DnwSeZY1bYItstag=",
        "owner": "t0yv0",
        "repo": "vterms.el",
        "rev": "37e40c634e6dcaadd819cf59bc85a38f7123fc7b",
        "type": "github"
      },
      "original": {
        "owner": "t0yv0",
        "ref": "main",
        "repo": "vterms.el",
        "type": "github"
      }
    }
  },
  "root": "root",
  "version": 7
}
