{
  "nodes": {
    "copilot_flake": {
      "inputs": {
        "nixpkgs": "nixpkgs"
      },
      "locked": {
        "lastModified": 1711169516,
        "narHash": "sha256-mP5pEaukCk+sfSq8bPGifGzGCtq1jYVlvPZSjuM9QZY=",
        "owner": "t0yv0",
        "repo": "copilot.el",
        "rev": "2d004bef52002248369c3489ac72d6a764e8a4e5",
        "type": "github"
      },
      "original": {
        "owner": "t0yv0",
        "ref": "v20240323",
        "repo": "copilot.el",
        "type": "github"
      }
    },
    "dape_src": {
      "flake": false,
      "locked": {
        "lastModified": 1710755368,
        "narHash": "sha256-AiH+WuDaPcSjxLEXeD+7961eePOSVwClqqxs4NGZNqg=",
        "owner": "svaante",
        "repo": "dape",
        "rev": "d1a96de51cbee7c410d1f2680f860d09048e2fc5",
        "type": "github"
      },
      "original": {
        "owner": "svaante",
        "repo": "dape",
        "rev": "d1a96de51cbee7c410d1f2680f860d09048e2fc5",
        "type": "github"
      }
    },
    "nixpkgs": {
      "locked": {
        "lastModified": 1711129923,
        "narHash": "sha256-XVzTED9GPlOcgMY5DkNv5wFdV1I3sso179SXCTJZKKw=",
        "owner": "NixOS",
        "repo": "nixpkgs",
        "rev": "e9d8c83c5aacde1680fb7ae987ffac6dda97f8bf",
        "type": "github"
      },
      "original": {
        "owner": "NixOS",
        "ref": "nixpkgs-23.11-darwin",
        "repo": "nixpkgs",
        "type": "github"
      }
    },
    "nixpkgs_2": {
      "locked": {
        "lastModified": 1712588820,
        "narHash": "sha256-y31s5idk3jMJMAVE4Ud9AdI7HT3CgTAeMTJ0StqKN7Y=",
        "owner": "NixOS",
        "repo": "nixpkgs",
        "rev": "d272ca50d1f7424fbfcd1e6f1c9e01d92f6da167",
        "type": "github"
      },
      "original": {
        "owner": "NixOS",
        "ref": "nixos-23.11",
        "repo": "nixpkgs",
        "type": "github"
      }
    },
    "nixpkgs_22_11": {
      "locked": {
        "lastModified": 1669833724,
        "narHash": "sha256-/HEZNyGbnQecrgJnfE8d0WC5c1xuPSD2LUpB6YXlg4c=",
        "owner": "NixOS",
        "repo": "nixpkgs",
        "rev": "4d2b37a84fad1091b9de401eb450aae66f1a741e",
        "type": "github"
      },
      "original": {
        "owner": "NixOS",
        "ref": "22.11",
        "repo": "nixpkgs",
        "type": "github"
      }
    },
    "nixpkgs_3": {
      "locked": {
        "lastModified": 1712310679,
        "narHash": "sha256-XgC/a/giEeNkhme/AV1ToipoZ/IVm1MV2ntiK4Tm+pw=",
        "owner": "NixOS",
        "repo": "nixpkgs",
        "rev": "72da83d9515b43550436891f538ff41d68eecc7f",
        "type": "github"
      },
      "original": {
        "owner": "NixOS",
        "ref": "nixos-23.11",
        "repo": "nixpkgs",
        "type": "github"
      }
    },
    "nixpkgs_darwin": {
      "locked": {
        "lastModified": 1712530949,
        "narHash": "sha256-RX4hgMACjrgVjnfrazIHApzz2KeIB5FibGeCSSpiHxo=",
        "owner": "NixOS",
        "repo": "nixpkgs",
        "rev": "053ca46068a9a092c8909dd4daa7a099b16e4d91",
        "type": "github"
      },
      "original": {
        "owner": "NixOS",
        "ref": "nixpkgs-23.11-darwin",
        "repo": "nixpkgs",
        "type": "github"
      }
    },
    "nixpkgs_darwin_2": {
      "locked": {
        "lastModified": 1712386448,
        "narHash": "sha256-kacQwZ5WnJv4HH5s8tlZTClyiwVP8XAaywI5I7QqLIY=",
        "owner": "NixOS",
        "repo": "nixpkgs",
        "rev": "7644b4bc09c6329bcd82561a076fd7add697d092",
        "type": "github"
      },
      "original": {
        "owner": "NixOS",
        "ref": "nixpkgs-23.11-darwin",
        "repo": "nixpkgs",
        "type": "github"
      }
    },
    "root": {
      "inputs": {
        "copilot_flake": "copilot_flake",
        "dape_src": "dape_src",
        "nixpkgs": "nixpkgs_2",
        "nixpkgs_22_11": "nixpkgs_22_11",
        "nixpkgs_darwin": "nixpkgs_darwin",
        "treesitedit_flake": "treesitedit_flake"
      }
    },
    "treesitedit_flake": {
      "inputs": {
        "nixpkgs": "nixpkgs_3",
        "nixpkgs_darwin": "nixpkgs_darwin_2"
      },
      "locked": {
        "lastModified": 1712450498,
        "narHash": "sha256-N2n8V027EzBM3Ncz9AMVq5rtGysznJdVCpAMR+XDd4Y=",
        "owner": "t0yv0",
        "repo": "treesitedit.el",
        "rev": "b7b3c13b7999558dfb860811d762f6f7b6e54657",
        "type": "github"
      },
      "original": {
        "owner": "t0yv0",
        "ref": "main",
        "repo": "treesitedit.el",
        "type": "github"
      }
    }
  },
  "root": "root",
  "version": 7
}
